
Microsoft Visual Studio Solution File, Format Version 12.00
# Visual Studio Version 16
VisualStudioVersion = 16.0.810.17
MinimumVisualStudioVersion = 10.0.40219.1
Project("{FAE04EC0-301F-11D3-BF4B-00C04F79EFBC}") = "strings-and-characters", "strings-and-characters.csproj", "{48CD8958-AF37-47DB-80FB-9A3A30D660BF}"
EndProject
Global
	GlobalSection(SolutionConfigurationPlatforms) = preSolution
		Debug|anycpu = Debug|anycpu
		Release|anycpu = Release|anycpu
	EndGlobalSection
	GlobalSection(ProjectConfigurationPlatforms) = postSolution
		{48CD8958-AF37-47DB-80FB-9A3A30D660BF}.Debug|anycpu.ActiveCfg = Debug|anycpu
		{48CD8958-AF37-47DB-80FB-9A3A30D660BF}.Debug|anycpu.Build.0 = Debug|anycpu
		{48CD8958-AF37-47DB-80FB-9A3A30D660BF}.Release|anycpu.ActiveCfg = Release|anycpu
		{48CD8958-AF37-47DB-80FB-9A3A30D660BF}.Release|anycpu.Build.0 = Release|anycpu
	EndGlobalSection
	GlobalSection(SolutionProperties) = preSolution
		HideSolutionNode = FALSE
	EndGlobalSection
	GlobalSection(ExtensibilityGlobals) = postSolution
		SolutionGuid = {D98F7EA3-F3D6-456E-AACB-F3B6C2F04351}
	EndGlobalSection
EndGlobal
