
Microsoft Visual Studio Solution File, Format Version 12.00
# Visual Studio Version 16
VisualStudioVersion = 16.0.810.21
MinimumVisualStudioVersion = 10.0.40219.1
Project("{FAE04EC0-301F-11D3-BF4B-00C04F79EFBC}") = "enums", "enums.csproj", "{9C18C4E4-2408-478E-BDA3-35A998880B7E}"
EndProject
Global
	GlobalSection(SolutionConfigurationPlatforms) = preSolution
		Debug|anycpu = Debug|anycpu
		Release|anycpu = Release|anycpu
	EndGlobalSection
	GlobalSection(ProjectConfigurationPlatforms) = postSolution
		{9C18C4E4-2408-478E-BDA3-35A998880B7E}.Debug|anycpu.ActiveCfg = Debug|anycpu
		{9C18C4E4-2408-478E-BDA3-35A998880B7E}.Debug|anycpu.Build.0 = Debug|anycpu
		{9C18C4E4-2408-478E-BDA3-35A998880B7E}.Release|anycpu.ActiveCfg = Release|anycpu
		{9C18C4E4-2408-478E-BDA3-35A998880B7E}.Release|anycpu.Build.0 = Release|anycpu
	EndGlobalSection
	GlobalSection(SolutionProperties) = preSolution
		HideSolutionNode = FALSE
	EndGlobalSection
	GlobalSection(ExtensibilityGlobals) = postSolution
		SolutionGuid = {90626428-697B-474F-B71D-EEB35A6CA7EF}
	EndGlobalSection
EndGlobal
