
Microsoft Visual Studio Solution File, Format Version 12.00
# Visual Studio Version 16
VisualStudioVersion = 16.0.810.17
MinimumVisualStudioVersion = 10.0.40219.1
Project("{FAE04EC0-301F-11D3-BF4B-00C04F79EFBC}") = "arrays", "arrays.csproj", "{0B238207-50DC-49A6-9D71-ED6F9DA55CDA}"
EndProject
Global
	GlobalSection(SolutionConfigurationPlatforms) = preSolution
		Debug|anycpu = Debug|anycpu
		Release|anycpu = Release|anycpu
	EndGlobalSection
	GlobalSection(ProjectConfigurationPlatforms) = postSolution
		{0B238207-50DC-49A6-9D71-ED6F9DA55CDA}.Debug|anycpu.ActiveCfg = Debug|anycpu
		{0B238207-50DC-49A6-9D71-ED6F9DA55CDA}.Debug|anycpu.Build.0 = Debug|anycpu
		{0B238207-50DC-49A6-9D71-ED6F9DA55CDA}.Release|anycpu.ActiveCfg = Release|anycpu
		{0B238207-50DC-49A6-9D71-ED6F9DA55CDA}.Release|anycpu.Build.0 = Release|anycpu
	EndGlobalSection
	GlobalSection(SolutionProperties) = preSolution
		HideSolutionNode = FALSE
	EndGlobalSection
	GlobalSection(ExtensibilityGlobals) = postSolution
		SolutionGuid = {245D5F44-8B9E-4660-B842-9191565F4890}
	EndGlobalSection
EndGlobal
