
Microsoft Visual Studio Solution File, Format Version 12.00
# Visual Studio Version 16
VisualStudioVersion = 16.0.810.17
MinimumVisualStudioVersion = 10.0.40219.1
Project("{FAE04EC0-301F-11D3-BF4B-00C04F79EFBC}") = "introduction", "introduction.csproj", "{DC6E7E1C-8AA8-43AB-98FC-98C8485E6A79}"
EndProject
Global
	GlobalSection(SolutionConfigurationPlatforms) = preSolution
		Debug|anycpu = Debug|anycpu
		Release|anycpu = Release|anycpu
	EndGlobalSection
	GlobalSection(ProjectConfigurationPlatforms) = postSolution
		{DC6E7E1C-8AA8-43AB-98FC-98C8485E6A79}.Debug|anycpu.ActiveCfg = Debug|anycpu
		{DC6E7E1C-8AA8-43AB-98FC-98C8485E6A79}.Debug|anycpu.Build.0 = Debug|anycpu
		{DC6E7E1C-8AA8-43AB-98FC-98C8485E6A79}.Release|anycpu.ActiveCfg = Release|anycpu
		{DC6E7E1C-8AA8-43AB-98FC-98C8485E6A79}.Release|anycpu.Build.0 = Release|anycpu
	EndGlobalSection
	GlobalSection(SolutionProperties) = preSolution
		HideSolutionNode = FALSE
	EndGlobalSection
	GlobalSection(ExtensibilityGlobals) = postSolution
		SolutionGuid = {2D63D4FE-CB98-41E7-AFCB-5F0A6EE0A415}
	EndGlobalSection
EndGlobal
