
Microsoft Visual Studio Solution File, Format Version 12.00
# Visual Studio Version 16
VisualStudioVersion = 16.0.810.21
MinimumVisualStudioVersion = 10.0.40219.1
Project("{FAE04EC0-301F-11D3-BF4B-00C04F79EFBC}") = "nested-types", "nested-types.csproj", "{B56E3DB3-F8E0-4E1C-9EF7-27400CEB6241}"
EndProject
Global
	GlobalSection(SolutionConfigurationPlatforms) = preSolution
		Debug|anycpu = Debug|anycpu
		Release|anycpu = Release|anycpu
	EndGlobalSection
	GlobalSection(ProjectConfigurationPlatforms) = postSolution
		{B56E3DB3-F8E0-4E1C-9EF7-27400CEB6241}.Debug|anycpu.ActiveCfg = Debug|anycpu
		{B56E3DB3-F8E0-4E1C-9EF7-27400CEB6241}.Debug|anycpu.Build.0 = Debug|anycpu
		{B56E3DB3-F8E0-4E1C-9EF7-27400CEB6241}.Release|anycpu.ActiveCfg = Release|anycpu
		{B56E3DB3-F8E0-4E1C-9EF7-27400CEB6241}.Release|anycpu.Build.0 = Release|anycpu
	EndGlobalSection
	GlobalSection(SolutionProperties) = preSolution
		HideSolutionNode = FALSE
	EndGlobalSection
	GlobalSection(ExtensibilityGlobals) = postSolution
		SolutionGuid = {BA6E016B-F7C4-4F1B-942D-7D51D3FD9B40}
	EndGlobalSection
EndGlobal
