
Microsoft Visual Studio Solution File, Format Version 12.00
# Visual Studio Version 16
VisualStudioVersion = 16.0.810.17
MinimumVisualStudioVersion = 10.0.40219.1
Project("{FAE04EC0-301F-11D3-BF4B-00C04F79EFBC}") = "variables-and-parameters", "variables-and-parameters.csproj", "{433D4CDF-3ED4-467C-BF23-EF4A869A03DF}"
EndProject
Global
	GlobalSection(SolutionConfigurationPlatforms) = preSolution
		Debug|anycpu = Debug|anycpu
		Release|anycpu = Release|anycpu
	EndGlobalSection
	GlobalSection(ProjectConfigurationPlatforms) = postSolution
		{433D4CDF-3ED4-467C-BF23-EF4A869A03DF}.Debug|anycpu.ActiveCfg = Debug|anycpu
		{433D4CDF-3ED4-467C-BF23-EF4A869A03DF}.Debug|anycpu.Build.0 = Debug|anycpu
		{433D4CDF-3ED4-467C-BF23-EF4A869A03DF}.Release|anycpu.ActiveCfg = Release|anycpu
		{433D4CDF-3ED4-467C-BF23-EF4A869A03DF}.Release|anycpu.Build.0 = Release|anycpu
	EndGlobalSection
	GlobalSection(SolutionProperties) = preSolution
		HideSolutionNode = FALSE
	EndGlobalSection
	GlobalSection(ExtensibilityGlobals) = postSolution
		SolutionGuid = {E4511F4C-25E6-46BB-8300-4B920AF5780E}
	EndGlobalSection
EndGlobal
