
Microsoft Visual Studio Solution File, Format Version 12.00
# Visual Studio Version 16
VisualStudioVersion = 16.0.810.17
MinimumVisualStudioVersion = 10.0.40219.1
Project("{FAE04EC0-301F-11D3-BF4B-00C04F79EFBC}") = "type-basics", "type-basics.csproj", "{EA1C5AFC-310D-4155-B087-69FD6E59C78D}"
EndProject
Global
	GlobalSection(SolutionConfigurationPlatforms) = preSolution
		Debug|anycpu = Debug|anycpu
		Release|anycpu = Release|anycpu
	EndGlobalSection
	GlobalSection(ProjectConfigurationPlatforms) = postSolution
		{EA1C5AFC-310D-4155-B087-69FD6E59C78D}.Debug|anycpu.ActiveCfg = Debug|anycpu
		{EA1C5AFC-310D-4155-B087-69FD6E59C78D}.Debug|anycpu.Build.0 = Debug|anycpu
		{EA1C5AFC-310D-4155-B087-69FD6E59C78D}.Release|anycpu.ActiveCfg = Release|anycpu
		{EA1C5AFC-310D-4155-B087-69FD6E59C78D}.Release|anycpu.Build.0 = Release|anycpu
	EndGlobalSection
	GlobalSection(SolutionProperties) = preSolution
		HideSolutionNode = FALSE
	EndGlobalSection
	GlobalSection(ExtensibilityGlobals) = postSolution
		SolutionGuid = {B137E4E7-0011-4C5C-9B14-07AB5556D6FF}
	EndGlobalSection
EndGlobal
